
Microsoft Visual Studio Solution File, Format Version 12.00
# Visual Studio Version 17
VisualStudioVersion = 17.6.33723.286
MinimumVisualStudioVersion = 10.0.40219.1
Project("{FAE04EC0-301F-11D3-BF4B-00C04F79EFBC}") = "WinFormsApp1", "WinFormsApp1.csproj", "{62BE8E13-BE57-4793-AF57-12844262D0F9}"
EndProject
Global
	GlobalSection(SolutionConfigurationPlatforms) = preSolution
		Debug|Any CPU = Debug|Any CPU
		Release|Any CPU = Release|Any CPU
	EndGlobalSection
	GlobalSection(ProjectConfigurationPlatforms) = postSolution
		{62BE8E13-BE57-4793-AF57-12844262D0F9}.Debug|Any CPU.ActiveCfg = Debug|Any CPU
		{62BE8E13-BE57-4793-AF57-12844262D0F9}.Debug|Any CPU.Build.0 = Debug|Any CPU
		{62BE8E13-BE57-4793-AF57-12844262D0F9}.Release|Any CPU.ActiveCfg = Release|Any CPU
		{62BE8E13-BE57-4793-AF57-12844262D0F9}.Release|Any CPU.Build.0 = Release|Any CPU
	EndGlobalSection
	GlobalSection(SolutionProperties) = preSolution
		HideSolutionNode = FALSE
	EndGlobalSection
	GlobalSection(ExtensibilityGlobals) = postSolution
		SolutionGuid = {8BB2B9D2-37B3-4588-9752-9C83D9704B2B}
	EndGlobalSection
EndGlobal
